// !$*UTF8*$!
{
	archiveVersion = 1;
	classes = {
	};
	objectVersion = 46;
	objects = {

/* Begin PBXBuildFile section */
		811E48DA15BE590F0067A9D9 /* UIKit.framework in Frameworks */ = {isa = PBXBuildFile; fileRef = 811E48D915BE590F0067A9D9 /* UIKit.framework */; };
		811E48DC15BE590F0067A9D9 /* Foundation.framework in Frameworks */ = {isa = PBXBuildFile; fileRef = 811E48DB15BE590F0067A9D9 /* Foundation.framework */; };
		811E48DE15BE590F0067A9D9 /* CoreGraphics.framework in Frameworks */ = {isa = PBXBuildFile; fileRef = 811E48DD15BE590F0067A9D9 /* CoreGraphics.framework */; };
		811E48E415BE590F0067A9D9 /* InfoPlist.strings in Resources */ = {isa = PBXBuildFile; fileRef = 811E48E215BE590F0067A9D9 /* InfoPlist.strings */; };
		811E48E615BE590F0067A9D9 /* main.m in Sources */ = {isa = PBXBuildFile; fileRef = 811E48E515BE590F0067A9D9 /* main.m */; };
		811E48EA15BE590F0067A9D9 /* TCAppDelegate.m in Sources */ = {isa = PBXBuildFile; fileRef = 811E48E915BE590F0067A9D9 /* TCAppDelegate.m */; };
		811E48ED15BE590F0067A9D9 /* MainStoryboard.storyboard in Resources */ = {isa = PBXBuildFile; fileRef = 811E48EB15BE590F0067A9D9 /* MainStoryboard.storyboard */; };
		811E48F015BE590F0067A9D9 /* MusicPlayerViewController.m in Sources */ = {isa = PBXBuildFile; fileRef = 811E48EF15BE590F0067A9D9 /* MusicPlayerViewController.m */; };
		811E48F715BE59820067A9D9 /* AVFoundation.framework in Frameworks */ = {isa = PBXBuildFile; fileRef = 811E48F615BE59820067A9D9 /* AVFoundation.framework */; };
		812F335E15BFE31400AFFA4B /* CoreMedia.framework in Frameworks */ = {isa = PBXBuildFile; fileRef = 812F335D15BFE31400AFFA4B /* CoreMedia.framework */; };
		814E5A5C15C92B1700299863 /* Sample.mp3 in Resources */ = {isa = PBXBuildFile; fileRef = 814E5A5715C92B1700299863 /* Sample.mp3 */; };
		814E5A5D15C92B1700299863 /* Icon.png in Resources */ = {isa = PBXBuildFile; fileRef = 814E5A5915C92B1700299863 /* Icon.png */; };
		814E5A5E15C92B1700299863 /* Icon@2x.png in Resources */ = {isa = PBXBuildFile; fileRef = 814E5A5A15C92B1700299863 /* Icon@2x.png */; };
		814E5A5F15C92B1700299863 /* NoAlbumArtwork.png in Resources */ = {isa = PBXBuildFile; fileRef = 814E5A5B15C92B1700299863 /* NoAlbumArtwork.png */; };
		814E5A6B15C92F5D00299863 /* Default.png in Resources */ = {isa = PBXBuildFile; fileRef = 814E5A6A15C92F5D00299863 /* Default.png */; };
		814E5A6D15C9307B00299863 /* Default@2x.png in Resources */ = {isa = PBXBuildFile; fileRef = 814E5A6C15C9307B00299863 /* Default@2x.png */; };
/* End PBXBuildFile section */

/* Begin PBXFileReference section */
		8112FC9215C4CDED007D8E80 /* QuartzCore.framework */ = {isa = PBXFileReference; lastKnownFileType = wrapper.framework; name = QuartzCore.framework; path = System/Library/Frameworks/QuartzCore.framework; sourceTree = SDKROOT; };
		811E48D515BE590F0067A9D9 /* TCMusicPlayer.app */ = {isa = PBXFileReference; explicitFileType = wrapper.application; includeInIndex = 0; path = TCMusicPlayer.app; sourceTree = BUILT_PRODUCTS_DIR; };
		811E48D915BE590F0067A9D9 /* UIKit.framework */ = {isa = PBXFileReference; lastKnownFileType = wrapper.framework; name = UIKit.framework; path = System/Library/Frameworks/UIKit.framework; sourceTree = SDKROOT; };
		811E48DB15BE590F0067A9D9 /* Foundation.framework */ = {isa = PBXFileReference; lastKnownFileType = wrapper.framework; name = Foundation.framework; path = System/Library/Frameworks/Foundation.framework; sourceTree = SDKROOT; };
		811E48DD15BE590F0067A9D9 /* CoreGraphics.framework */ = {isa = PBXFileReference; lastKnownFileType = wrapper.framework; name = CoreGraphics.framework; path = System/Library/Frameworks/CoreGraphics.framework; sourceTree = SDKROOT; };
		811E48E115BE590F0067A9D9 /* TCMusicPlayer-Info.plist */ = {isa = PBXFileReference; lastKnownFileType = text.plist.xml; path = "TCMusicPlayer-Info.plist"; sourceTree = "<group>"; };
		811E48E315BE590F0067A9D9 /* en */ = {isa = PBXFileReference; lastKnownFileType = text.plist.strings; name = en; path = en.lproj/InfoPlist.strings; sourceTree = "<group>"; };
		811E48E515BE590F0067A9D9 /* main.m */ = {isa = PBXFileReference; lastKnownFileType = sourcecode.c.objc; path = main.m; sourceTree = "<group>"; };
		811E48E715BE590F0067A9D9 /* TCMusicPlayer-Prefix.pch */ = {isa = PBXFileReference; lastKnownFileType = sourcecode.c.h; path = "TCMusicPlayer-Prefix.pch"; sourceTree = "<group>"; };
		811E48E815BE590F0067A9D9 /* TCAppDelegate.h */ = {isa = PBXFileReference; lastKnownFileType = sourcecode.c.h; path = TCAppDelegate.h; sourceTree = "<group>"; };
		811E48E915BE590F0067A9D9 /* TCAppDelegate.m */ = {isa = PBXFileReference; lastKnownFileType = sourcecode.c.objc; path = TCAppDelegate.m; sourceTree = "<group>"; };
		811E48EC15BE590F0067A9D9 /* en */ = {isa = PBXFileReference; lastKnownFileType = file.storyboard; name = en; path = en.lproj/MainStoryboard.storyboard; sourceTree = "<group>"; };
		811E48EE15BE590F0067A9D9 /* MusicPlayerViewController.h */ = {isa = PBXFileReference; lastKnownFileType = sourcecode.c.h; path = MusicPlayerViewController.h; sourceTree = "<group>"; };
		811E48EF15BE590F0067A9D9 /* MusicPlayerViewController.m */ = {isa = PBXFileReference; lastKnownFileType = sourcecode.c.objc; path = MusicPlayerViewController.m; sourceTree = "<group>"; };
		811E48F615BE59820067A9D9 /* AVFoundation.framework */ = {isa = PBXFileReference; lastKnownFileType = wrapper.framework; name = AVFoundation.framework; path = System/Library/Frameworks/AVFoundation.framework; sourceTree = SDKROOT; };
		812F335D15BFE31400AFFA4B /* CoreMedia.framework */ = {isa = PBXFileReference; lastKnownFileType = wrapper.framework; name = CoreMedia.framework; path = System/Library/Frameworks/CoreMedia.framework; sourceTree = SDKROOT; };
		814E5A5715C92B1700299863 /* Sample.mp3 */ = {isa = PBXFileReference; lastKnownFileType = audio.mp3; path = Sample.mp3; sourceTree = "<group>"; };
		814E5A5915C92B1700299863 /* Icon.png */ = {isa = PBXFileReference; lastKnownFileType = image.png; path = Icon.png; sourceTree = "<group>"; };
		814E5A5A15C92B1700299863 /* Icon@2x.png */ = {isa = PBXFileReference; lastKnownFileType = image.png; path = "Icon@2x.png"; sourceTree = "<group>"; };
		814E5A5B15C92B1700299863 /* NoAlbumArtwork.png */ = {isa = PBXFileReference; lastKnownFileType = image.png; path = NoAlbumArtwork.png; sourceTree = "<group>"; };
		814E5A6A15C92F5D00299863 /* Default.png */ = {isa = PBXFileReference; lastKnownFileType = image.png; path = Default.png; sourceTree = "<group>"; };
		814E5A6C15C9307B00299863 /* Default@2x.png */ = {isa = PBXFileReference; lastKnownFileType = image.png; path = "Default@2x.png"; sourceTree = "<group>"; };
/* End PBXFileReference section */

/* Begin PBXFrameworksBuildPhase section */
		811E48D215BE590F0067A9D9 /* Frameworks */ = {
			isa = PBXFrameworksBuildPhase;
			buildActionMask = 2147483647;
			files = (
				812F335E15BFE31400AFFA4B /* CoreMedia.framework in Frameworks */,
				811E48F715BE59820067A9D9 /* AVFoundation.framework in Frameworks */,
				811E48DA15BE590F0067A9D9 /* UIKit.framework in Frameworks */,
				811E48DC15BE590F0067A9D9 /* Foundation.framework in Frameworks */,
				811E48DE15BE590F0067A9D9 /* CoreGraphics.framework in Frameworks */,
			);
			runOnlyForDeploymentPostprocessing = 0;
		};
/* End PBXFrameworksBuildPhase section */

/* Begin PBXGroup section */
		811E48CA15BE590E0067A9D9 = {
			isa = PBXGroup;
			children = (
				811E48DF15BE590F0067A9D9 /* TCMusicPlayer */,
				811E48D815BE590F0067A9D9 /* Frameworks */,
				811E48D615BE590F0067A9D9 /* Products */,
			);
			sourceTree = "<group>";
		};
		811E48D615BE590F0067A9D9 /* Products */ = {
			isa = PBXGroup;
			children = (
				811E48D515BE590F0067A9D9 /* TCMusicPlayer.app */,
			);
			name = Products;
			sourceTree = "<group>";
		};
		811E48D815BE590F0067A9D9 /* Frameworks */ = {
			isa = PBXGroup;
			children = (
				8112FC9215C4CDED007D8E80 /* QuartzCore.framework */,
				812F335D15BFE31400AFFA4B /* CoreMedia.framework */,
				811E48F615BE59820067A9D9 /* AVFoundation.framework */,
				811E48D915BE590F0067A9D9 /* UIKit.framework */,
				811E48DB15BE590F0067A9D9 /* Foundation.framework */,
				811E48DD15BE590F0067A9D9 /* CoreGraphics.framework */,
			);
			name = Frameworks;
			sourceTree = "<group>";
		};
		811E48DF15BE590F0067A9D9 /* TCMusicPlayer */ = {
			isa = PBXGroup;
			children = (
				811E48E815BE590F0067A9D9 /* TCAppDelegate.h */,
				811E48E915BE590F0067A9D9 /* TCAppDelegate.m */,
				811E48EE15BE590F0067A9D9 /* MusicPlayerViewController.h */,
				811E48EF15BE590F0067A9D9 /* MusicPlayerViewController.m */,
				814E5A5515C92B1700299863 /* Resources */,
				811E48E015BE590F0067A9D9 /* Supporting Files */,
			);
			path = TCMusicPlayer;
			sourceTree = "<group>";
		};
		811E48E015BE590F0067A9D9 /* Supporting Files */ = {
			isa = PBXGroup;
			children = (
				811E48E115BE590F0067A9D9 /* TCMusicPlayer-Info.plist */,
				811E48E215BE590F0067A9D9 /* InfoPlist.strings */,
				811E48E515BE590F0067A9D9 /* main.m */,
				811E48E715BE590F0067A9D9 /* TCMusicPlayer-Prefix.pch */,
			);
			name = "Supporting Files";
			sourceTree = "<group>";
		};
		814E5A5415C927C900299863 /* Storyboards */ = {
			isa = PBXGroup;
			children = (
				811E48EB15BE590F0067A9D9 /* MainStoryboard.storyboard */,
			);
			name = Storyboards;
			path = ..;
			sourceTree = "<group>";
		};
		814E5A5515C92B1700299863 /* Resources */ = {
			isa = PBXGroup;
			children = (
				814E5A5415C927C900299863 /* Storyboards */,
				814E5A5615C92B1700299863 /* Audio */,
				814E5A5815C92B1700299863 /* Images */,
			);
			path = Resources;
			sourceTree = "<group>";
		};
		814E5A5615C92B1700299863 /* Audio */ = {
			isa = PBXGroup;
			children = (
				814E5A5715C92B1700299863 /* Sample.mp3 */,
			);
			path = Audio;
			sourceTree = "<group>";
		};
		814E5A5815C92B1700299863 /* Images */ = {
			isa = PBXGroup;
			children = (
				814E5A6C15C9307B00299863 /* Default@2x.png */,
				814E5A6A15C92F5D00299863 /* Default.png */,
				814E5A5915C92B1700299863 /* Icon.png */,
				814E5A5A15C92B1700299863 /* Icon@2x.png */,
				814E5A5B15C92B1700299863 /* NoAlbumArtwork.png */,
			);
			path = Images;
			sourceTree = "<group>";
		};
/* End PBXGroup section */

/* Begin PBXNativeTarget section */
		811E48D415BE590F0067A9D9 /* TCMusicPlayer */ = {
			isa = PBXNativeTarget;
			buildConfigurationList = 811E48F315BE590F0067A9D9 /* Build configuration list for PBXNativeTarget "TCMusicPlayer" */;
			buildPhases = (
				811E48D115BE590F0067A9D9 /* Sources */,
				811E48D215BE590F0067A9D9 /* Frameworks */,
				811E48D315BE590F0067A9D9 /* Resources */,
			);
			buildRules = (
			);
			dependencies = (
			);
			name = TCMusicPlayer;
			productName = MusicPlayer;
			productReference = 811E48D515BE590F0067A9D9 /* TCMusicPlayer.app */;
			productType = "com.apple.product-type.application";
		};
/* End PBXNativeTarget section */

/* Begin PBXProject section */
		811E48CC15BE590E0067A9D9 /* Project object */ = {
			isa = PBXProject;
			attributes = {
				LastUpgradeCheck = 0430;
				ORGANIZATIONNAME = "TC Lee";
			};
			buildConfigurationList = 811E48CF15BE590E0067A9D9 /* Build configuration list for PBXProject "TCMusicPlayer" */;
			compatibilityVersion = "Xcode 3.2";
			developmentRegion = English;
			hasScannedForEncodings = 0;
			knownRegions = (
				en,
			);
			mainGroup = 811E48CA15BE590E0067A9D9;
			productRefGroup = 811E48D615BE590F0067A9D9 /* Products */;
			projectDirPath = "";
			projectRoot = "";
			targets = (
				811E48D415BE590F0067A9D9 /* TCMusicPlayer */,
			);
		};
/* End PBXProject section */

/* Begin PBXResourcesBuildPhase section */
		811E48D315BE590F0067A9D9 /* Resources */ = {
			isa = PBXResourcesBuildPhase;
			buildActionMask = 2147483647;
			files = (
				811E48E415BE590F0067A9D9 /* InfoPlist.strings in Resources */,
				811E48ED15BE590F0067A9D9 /* MainStoryboard.storyboard in Resources */,
				814E5A5C15C92B1700299863 /* Sample.mp3 in Resources */,
				814E5A5D15C92B1700299863 /* Icon.png in Resources */,
				814E5A5E15C92B1700299863 /* Icon@2x.png in Resources */,
				814E5A5F15C92B1700299863 /* NoAlbumArtwork.png in Resources */,
				814E5A6B15C92F5D00299863 /* Default.png in Resources */,
				814E5A6D15C9307B00299863 /* Default@2x.png in Resources */,
			);
			runOnlyForDeploymentPostprocessing = 0;
		};
/* End PBXResourcesBuildPhase section */

/* Begin PBXSourcesBuildPhase section */
		811E48D115BE590F0067A9D9 /* Sources */ = {
			isa = PBXSourcesBuildPhase;
			buildActionMask = 2147483647;
			files = (
				811E48E615BE590F0067A9D9 /* main.m in Sources */,
				811E48EA15BE590F0067A9D9 /* TCAppDelegate.m in Sources */,
				811E48F015BE590F0067A9D9 /* MusicPlayerViewController.m in Sources */,
			);
			runOnlyForDeploymentPostprocessing = 0;
		};
/* End PBXSourcesBuildPhase section */

/* Begin PBXVariantGroup section */
		811E48E215BE590F0067A9D9 /* InfoPlist.strings */ = {
			isa = PBXVariantGroup;
			children = (
				811E48E315BE590F0067A9D9 /* en */,
			);
			name = InfoPlist.strings;
			sourceTree = "<group>";
		};
		811E48EB15BE590F0067A9D9 /* MainStoryboard.storyboard */ = {
			isa = PBXVariantGroup;
			children = (
				811E48EC15BE590F0067A9D9 /* en */,
			);
			name = MainStoryboard.storyboard;
			sourceTree = "<group>";
		};
/* End PBXVariantGroup section */

/* Begin XCBuildConfiguration section */
		811E48F115BE590F0067A9D9 /* Debug */ = {
			isa = XCBuildConfiguration;
			buildSettings = {
				ALWAYS_SEARCH_USER_PATHS = NO;
				ARCHS = "$(ARCHS_STANDARD_32_BIT)";
				CLANG_ENABLE_OBJC_ARC = YES;
				"CODE_SIGN_IDENTITY[sdk=iphoneos*]" = "iPhone Developer";
				COPY_PHASE_STRIP = NO;
				GCC_C_LANGUAGE_STANDARD = gnu99;
				GCC_DYNAMIC_NO_PIC = NO;
				GCC_OPTIMIZATION_LEVEL = 0;
				GCC_PREPROCESSOR_DEFINITIONS = (
					"DEBUG=1",
					"$(inherited)",
				);
				GCC_SYMBOLS_PRIVATE_EXTERN = NO;
				GCC_VERSION = com.apple.compilers.llvm.clang.1_0;
				GCC_WARN_ABOUT_RETURN_TYPE = YES;
				GCC_WARN_UNINITIALIZED_AUTOS = YES;
				GCC_WARN_UNUSED_VARIABLE = YES;
				IPHONEOS_DEPLOYMENT_TARGET = 5.0;
				SDKROOT = iphoneos;
			};
			name = Debug;
		};
		811E48F215BE590F0067A9D9 /* Release */ = {
			isa = XCBuildConfiguration;
			buildSettings = {
				ALWAYS_SEARCH_USER_PATHS = NO;
				ARCHS = "$(ARCHS_STANDARD_32_BIT)";
				CLANG_ENABLE_OBJC_ARC = YES;
				"CODE_SIGN_IDENTITY[sdk=iphoneos*]" = "iPhone Developer";
				COPY_PHASE_STRIP = YES;
				GCC_C_LANGUAGE_STANDARD = gnu99;
				GCC_VERSION = com.apple.compilers.llvm.clang.1_0;
				GCC_WARN_ABOUT_RETURN_TYPE = YES;
				GCC_WARN_UNINITIALIZED_AUTOS = YES;
				GCC_WARN_UNUSED_VARIABLE = YES;
				IPHONEOS_DEPLOYMENT_TARGET = 5.0;
				OTHER_CFLAGS = "-DNS_BLOCK_ASSERTIONS=1";
				SDKROOT = iphoneos;
				VALIDATE_PRODUCT = YES;
			};
			name = Release;
		};
		811E48F415BE590F0067A9D9 /* Debug */ = {
			isa = XCBuildConfiguration;
			buildSettings = {
				GCC_PRECOMPILE_PREFIX_HEADER = YES;
				GCC_PREFIX_HEADER = "TCMusicPlayer/TCMusicPlayer-Prefix.pch";
				INFOPLIST_FILE = "TCMusicPlayer/TCMusicPlayer-Info.plist";
				PRODUCT_NAME = TCMusicPlayer;
				WRAPPER_EXTENSION = app;
			};
			name = Debug;
		};
		811E48F515BE590F0067A9D9 /* Release */ = {
			isa = XCBuildConfiguration;
			buildSettings = {
				GCC_PRECOMPILE_PREFIX_HEADER = YES;
				GCC_PREFIX_HEADER = "TCMusicPlayer/TCMusicPlayer-Prefix.pch";
				INFOPLIST_FILE = "TCMusicPlayer/TCMusicPlayer-Info.plist";
				PRODUCT_NAME = TCMusicPlayer;
				WRAPPER_EXTENSION = app;
			};
			name = Release;
		};
/* End XCBuildConfiguration section */

/* Begin XCConfigurationList section */
		811E48CF15BE590E0067A9D9 /* Build configuration list for PBXProject "TCMusicPlayer" */ = {
			isa = XCConfigurationList;
			buildConfigurations = (
				811E48F115BE590F0067A9D9 /* Debug */,
				811E48F215BE590F0067A9D9 /* Release */,
			);
			defaultConfigurationIsVisible = 0;
			defaultConfigurationName = Release;
		};
		811E48F315BE590F0067A9D9 /* Build configuration list for PBXNativeTarget "TCMusicPlayer" */ = {
			isa = XCConfigurationList;
			buildConfigurations = (
				811E48F415BE590F0067A9D9 /* Debug */,
				811E48F515BE590F0067A9D9 /* Release */,
			);
			defaultConfigurationIsVisible = 0;
			defaultConfigurationName = Release;
		};
/* End XCConfigurationList section */
	};
	rootObject = 811E48CC15BE590E0067A9D9 /* Project object */;
}
